
Microsoft Visual Studio Solution File, Format Version 12.00
# Visual Studio Version 17
VisualStudioVersion = 17.0.31611.283
MinimumVisualStudioVersion = 10.0.40219.1
Project("{9A19103F-16F7-4668-BE54-9A1E7A4F7556}") = "Maker.Hass.App", "Maker.Hass.App\Maker.Hass.App.csproj", "{414C8635-A85D-4A9D-B576-C6B4B069476A}"
EndProject
Global
	GlobalSection(SolutionConfigurationPlatforms) = preSolution
		Debug|Any CPU = Debug|Any CPU
		Release|Any CPU = Release|Any CPU
	EndGlobalSection
	GlobalSection(ProjectConfigurationPlatforms) = postSolution
		{414C8635-A85D-4A9D-B576-C6B4B069476A}.Debug|Any CPU.ActiveCfg = Debug|Any CPU
		{414C8635-A85D-4A9D-B576-C6B4B069476A}.Debug|Any CPU.Build.0 = Debug|Any CPU
		{414C8635-A85D-4A9D-B576-C6B4B069476A}.Release|Any CPU.ActiveCfg = Release|Any CPU
		{414C8635-A85D-4A9D-B576-C6B4B069476A}.Release|Any CPU.Build.0 = Release|Any CPU
	EndGlobalSection
	GlobalSection(SolutionProperties) = preSolution
		HideSolutionNode = FALSE
	EndGlobalSection
	GlobalSection(ExtensibilityGlobals) = postSolution
		SolutionGuid = {61F7FB11-1E47-470C-91E2-47F8143E1572}
	EndGlobalSection
EndGlobal
